
Microsoft Visual Studio Solution File, Format Version 12.00
# Visual Studio Version 17
VisualStudioVersion = 17.0.31903.59
MinimumVisualStudioVersion = 10.0.40219.1
Project("{FAE04EC0-301F-11D3-BF4B-00C04F79EFBC}") = "Calculator", "Calculator\Calculator.csproj", "{D4E27E32-EF5A-4261-8F7D-F5A22DF87672}"
EndProject
Global
	GlobalSection(SolutionConfigurationPlatforms) = preSolution
		Debug|Any CPU = Debug|Any CPU
		Release|Any CPU = Release|Any CPU
	EndGlobalSection
	GlobalSection(SolutionProperties) = preSolution
		HideSolutionNode = FALSE
	EndGlobalSection
	GlobalSection(ProjectConfigurationPlatforms) = postSolution
		{D4E27E32-EF5A-4261-8F7D-F5A22DF87672}.Debug|Any CPU.ActiveCfg = Debug|Any CPU
		{D4E27E32-EF5A-4261-8F7D-F5A22DF87672}.Debug|Any CPU.Build.0 = Debug|Any CPU
		{D4E27E32-EF5A-4261-8F7D-F5A22DF87672}.Release|Any CPU.ActiveCfg = Release|Any CPU
		{D4E27E32-EF5A-4261-8F7D-F5A22DF87672}.Release|Any CPU.Build.0 = Release|Any CPU
	EndGlobalSection
EndGlobal
